<?xml version="1.0" encoding="utf-8"?>
<Project ToolsVersion="4.0" xmlns="http://schemas.microsoft.com/developer/msbuild/2003">
  <ItemGroup>
    <Filter Include="DX11">
      <UniqueIdentifier>{995d6e0c-72b7-40b5-b224-395f39c5f1d7}</UniqueIdentifier>
    </Filter>
  </ItemGroup>
  <ItemGroup>
    <ClInclude Include="dx11\xube.h">
      <Filter>DX11</Filter>
    </ClInclude>
    <ClInclude Include="..\wander.h" />
  </ItemGroup>
  <ItemGroup>
    <ClCompile Include="dx11\code.cpp">
      <Filter>DX11</Filter>
    </ClCompile>
    <ClCompile Include="..\wander.cpp" />
  </ItemGroup>
  <ItemGroup>
    <CopyFileToFolders Include="dx11\shaders.hlsl">
      <Filter>DX11</Filter>
    </CopyFileToFolders>
    <CopyFileToFolders Include="..\wasmtime\lib\wasmtime.dll" />
    <CopyFileToFolders Include="Building.wasm" />
  </ItemGroup>
</Project>