
Microsoft Visual Studio Solution File, Format Version 12.00
# Visual Studio Version 17
VisualStudioVersion = 17.8.34525.116
MinimumVisualStudioVersion = 10.0.40219.1
Project("{8BC9CEB8-8B4A-11D0-8D11-00A0C91BC942}") = "Examples", "DX11\DX11.vcxproj", "{4D345AC6-AC0E-4153-9BBC-5F72DBA6A0CA}"
EndProject
Project("{8BC9CEB8-8B4A-11D0-8D11-00A0C91BC942}") = "OpenGL", "OpenGL\OpenGL.vcxproj", "{4DA98C15-7D22-4DDC-811E-7CDE5C4F38D8}"
EndProject
Global
	GlobalSection(SolutionConfigurationPlatforms) = preSolution
		Debug|ARM64 = Debug|ARM64
		Debug|x64 = Debug|x64
		Debug|x86 = Debug|x86
		Release|ARM64 = Release|ARM64
		Release|x64 = Release|x64
		Release|x86 = Release|x86
	EndGlobalSection
	GlobalSection(ProjectConfigurationPlatforms) = postSolution
		{4D345AC6-AC0E-4153-9BBC-5F72DBA6A0CA}.Debug|ARM64.ActiveCfg = Debug|ARM64
		{4D345AC6-AC0E-4153-9BBC-5F72DBA6A0CA}.Debug|ARM64.Build.0 = Debug|ARM64
		{4D345AC6-AC0E-4153-9BBC-5F72DBA6A0CA}.Debug|x64.ActiveCfg = Debug|x64
		{4D345AC6-AC0E-4153-9BBC-5F72DBA6A0CA}.Debug|x64.Build.0 = Debug|x64
		{4D345AC6-AC0E-4153-9BBC-5F72DBA6A0CA}.Debug|x86.ActiveCfg = Debug|Win32
		{4D345AC6-AC0E-4153-9BBC-5F72DBA6A0CA}.Debug|x86.Build.0 = Debug|Win32
		{4D345AC6-AC0E-4153-9BBC-5F72DBA6A0CA}.Release|ARM64.ActiveCfg = Release|ARM64
		{4D345AC6-AC0E-4153-9BBC-5F72DBA6A0CA}.Release|ARM64.Build.0 = Release|ARM64
		{4D345AC6-AC0E-4153-9BBC-5F72DBA6A0CA}.Release|x64.ActiveCfg = Release|x64
		{4D345AC6-AC0E-4153-9BBC-5F72DBA6A0CA}.Release|x64.Build.0 = Release|x64
		{4D345AC6-AC0E-4153-9BBC-5F72DBA6A0CA}.Release|x86.ActiveCfg = Release|Win32
		{4D345AC6-AC0E-4153-9BBC-5F72DBA6A0CA}.Release|x86.Build.0 = Release|Win32
		{4DA98C15-7D22-4DDC-811E-7CDE5C4F38D8}.Debug|ARM64.ActiveCfg = Debug|ARM64
		{4DA98C15-7D22-4DDC-811E-7CDE5C4F38D8}.Debug|ARM64.Build.0 = Debug|ARM64
		{4DA98C15-7D22-4DDC-811E-7CDE5C4F38D8}.Debug|x64.ActiveCfg = Debug|x64
		{4DA98C15-7D22-4DDC-811E-7CDE5C4F38D8}.Debug|x64.Build.0 = Debug|x64
		{4DA98C15-7D22-4DDC-811E-7CDE5C4F38D8}.Debug|x86.ActiveCfg = Debug|Win32
		{4DA98C15-7D22-4DDC-811E-7CDE5C4F38D8}.Debug|x86.Build.0 = Debug|Win32
		{4DA98C15-7D22-4DDC-811E-7CDE5C4F38D8}.Release|ARM64.ActiveCfg = Release|ARM64
		{4DA98C15-7D22-4DDC-811E-7CDE5C4F38D8}.Release|ARM64.Build.0 = Release|ARM64
		{4DA98C15-7D22-4DDC-811E-7CDE5C4F38D8}.Release|x64.ActiveCfg = Release|x64
		{4DA98C15-7D22-4DDC-811E-7CDE5C4F38D8}.Release|x64.Build.0 = Release|x64
		{4DA98C15-7D22-4DDC-811E-7CDE5C4F38D8}.Release|x86.ActiveCfg = Release|Win32
		{4DA98C15-7D22-4DDC-811E-7CDE5C4F38D8}.Release|x86.Build.0 = Release|Win32
	EndGlobalSection
	GlobalSection(SolutionProperties) = preSolution
		HideSolutionNode = FALSE
	EndGlobalSection
	GlobalSection(ExtensibilityGlobals) = postSolution
		SolutionGuid = {3F0BB48A-45B4-49C9-AAA6-338134392BD8}
	EndGlobalSection
EndGlobal
